{
  "lockfile_version": "1",
  "packages": {
    "biome@2.5.5": {
      "last_modified": "2026-08-01T16:34:20Z",
      "resolved": "github:NixOS/nixpkgs/a5cbcfe954791221bfffe2307f7d1a1bf61a871e#biome",
      "source": "devbox-search",
      "version": "2.5.5",
      "systems": {
        "aarch64-darwin": {
          "outputs": [
            {
              "name": "out",
              "path": "/nix/store/mrlwj43kpnr5yc3v7yphvqsbngll91ga-biome-2.5.5",
              "default": true
            }
          ],
          "store_path": "/nix/store/mrlwj43kpnr5yc3v7yphvqsbngll91ga-biome-2.5.5"
        },
        "aarch64-linux": {
          "outputs": [
            {
              "name": "out",
              "path": "/nix/store/76dkp46iaay4iwp4hgfqg5lv3x212xb6-biome-2.5.5",
              "default": true
            }
          ],
          "store_path": "/nix/store/76dkp46iaay4iwp4hgfqg5lv3x212xb6-biome-2.5.5"
        },
        "x86_64-linux": {
          "outputs": [
            {
              "name": "out",
              "path": "/nix/store/gizcpcbx450fb3acdjpgj7b4dfg9n35b-biome-2.5.5",
              "default": true
            }
          ],
          "store_path": "/nix/store/gizcpcbx450fb3acdjpgj7b4dfg9n35b-biome-2.5.5"
        }
      }
    },
    "buf@1.72.0": {
      "last_modified": "2026-08-01T16:34:20Z",
      "resolved": "github:NixOS/nixpkgs/a5cbcfe954791221bfffe2307f7d1a1bf61a871e#buf",
      "source": "devbox-search",
      "version": "1.72.0",
      "systems": {
        "aarch64-darwin": {
          "outputs": [
            {
              "name": "out",
              "path": "/nix/store/grh1sh12lmhd800c4fyzw0ayaazzc846-buf-1.72.0",
              "default": true
            }
          ],
          "store_path": "/nix/store/grh1sh12lmhd800c4fyzw0ayaazzc846-buf-1.72.0"
        },
        "aarch64-linux": {
          "outputs": [
            {
              "name": "out",
              "path": "/nix/store/rk4i2h88jv8vhj04klv861vfz50bx0pi-buf-1.72.0",
              "default": true
            }
          ],
          "store_path": "/nix/store/rk4i2h88jv8vhj04klv861vfz50bx0pi-buf-1.72.0"
        },
        "x86_64-linux": {
          "outputs": [
            {
              "name": "out",
              "path": "/nix/store/mwjqyb076aypqgbvpzwk59l44ympbhs4-buf-1.72.0",
              "default": true
            }
          ],
          "store_path": "/nix/store/mwjqyb076aypqgbvpzwk59l44ympbhs4-buf-1.72.0"
        }
      }
    },
    "formatjson5@0.2.6": {
      "last_modified": "2026-08-01T16:34:20Z",
      "resolved": "github:NixOS/nixpkgs/a5cbcfe954791221bfffe2307f7d1a1bf61a871e#formatjson5",
      "source": "devbox-search",
      "version": "0.2.6",
      "systems": {
        "aarch64-darwin": {
          "outputs": [
            {
              "name": "out",
              "path": "/nix/store/g4j6373aj1bnjkwgw39ndn3kbvgdfv14-formatjson5-0.2.6",
              "default": true
            }
          ],
          "store_path": "/nix/store/g4j6373aj1bnjkwgw39ndn3kbvgdfv14-formatjson5-0.2.6"
        },
        "aarch64-linux": {
          "outputs": [
            {
              "name": "out",
              "path": "/nix/store/i1r4r3vsklmr13y9mfwsi3vbwf2g6dv7-formatjson5-0.2.6",
              "default": true
            }
          ],
          "store_path": "/nix/store/i1r4r3vsklmr13y9mfwsi3vbwf2g6dv7-formatjson5-0.2.6"
        },
        "x86_64-darwin": {
          "outputs": [
            {
              "name": "out",
              "path": "/nix/store/yz7pxr2yclnhsvlnzsd8vl9ina8sz1fx-formatjson5-0.2.6",
              "default": true
            }
          ],
          "store_path": "/nix/store/yz7pxr2yclnhsvlnzsd8vl9ina8sz1fx-formatjson5-0.2.6"
        },
        "x86_64-linux": {
          "outputs": [
            {
              "name": "out",
              "path": "/nix/store/x873wvqs413vpzzl024ad9b41d72n64s-formatjson5-0.2.6",
              "default": true
            }
          ],
          "store_path": "/nix/store/x873wvqs413vpzzl024ad9b41d72n64s-formatjson5-0.2.6"
        }
      }
    },
    "github:NixOS/nixpkgs/nixpkgs-unstable": {
      "last_modified": "2026-08-03T09:05:39Z",
      "resolved": "github:NixOS/nixpkgs/104240a772428cc2e20d8fd86c9ddbb886bbaff2?lastModified=1785747939&narHash=sha256-D740uKsMbgsfK2oaDenJLLPIZfq7W0%2Fg4KN%2FFls8eKs%3D"
    },
    "go@1.26.5": {
      "last_modified": "2026-08-01T16:34:20Z",
      "resolved": "github:NixOS/nixpkgs/a5cbcfe954791221bfffe2307f7d1a1bf61a871e#go",
      "source": "devbox-search",
      "version": "1.26.5",
      "systems": {
        "aarch64-darwin": {
          "outputs": [
            {
              "name": "out",
              "path": "/nix/store/8g06ffyaas333hzhsjcd50nqbsldqjhh-go-1.26.5",
              "default": true
            }
          ],
          "store_path": "/nix/store/8g06ffyaas333hzhsjcd50nqbsldqjhh-go-1.26.5"
        },
        "aarch64-linux": {
          "outputs": [
            {
              "name": "out",
              "path": "/nix/store/p8wbwrmaqggbg1griwkcjag8lbkgz0qg-go-1.26.5",
              "default": true
            }
          ],
          "store_path": "/nix/store/p8wbwrmaqggbg1griwkcjag8lbkgz0qg-go-1.26.5"
        },
        "x86_64-linux": {
          "outputs": [
            {
              "name": "out",
              "path": "/nix/store/pwj3x44pp735yb038fnmqckyyra9k29x-go-1.26.5",
              "default": true
            }
          ],
          "store_path": "/nix/store/pwj3x44pp735yb038fnmqckyyra9k29x-go-1.26.5"
        }
      }
    },
    "golangci-lint@2.12.2": {
      "last_modified": "2026-08-01T16:34:20Z",
      "resolved": "github:NixOS/nixpkgs/a5cbcfe954791221bfffe2307f7d1a1bf61a871e#golangci-lint",
      "source": "devbox-search",
      "version": "2.12.2",
      "systems": {
        "aarch64-darwin": {
          "outputs": [
            {
              "name": "out",
              "path": "/nix/store/5k9pgckbazjqdaayv80l5zya9pm02gf2-golangci-lint-2.12.2",
              "default": true
            }
          ],
          "store_path": "/nix/store/5k9pgckbazjqdaayv80l5zya9pm02gf2-golangci-lint-2.12.2"
        },
        "aarch64-linux": {
          "outputs": [
            {
              "name": "out",
              "path": "/nix/store/k5x4k34n6n9nks864kj2l0wq7yxgbgc1-golangci-lint-2.12.2",
              "default": true
            }
          ],
          "store_path": "/nix/store/k5x4k34n6n9nks864kj2l0wq7yxgbgc1-golangci-lint-2.12.2"
        },
        "x86_64-darwin": {
          "outputs": [
            {
              "name": "out",
              "path": "/nix/store/w8c3i6vmxnnj0xixvjsa9lva3rcd2rvs-golangci-lint-2.12.2",
              "default": true
            }
          ],
          "store_path": "/nix/store/w8c3i6vmxnnj0xixvjsa9lva3rcd2rvs-golangci-lint-2.12.2"
        },
        "x86_64-linux": {
          "outputs": [
            {
              "name": "out",
              "path": "/nix/store/332lphhv9mzrk85hfkfiamb1m7ylzvzi-golangci-lint-2.12.2",
              "default": true
            }
          ],
          "store_path": "/nix/store/332lphhv9mzrk85hfkfiamb1m7ylzvzi-golangci-lint-2.12.2"
        }
      }
    },
    "mkcert@1.4.4": {
      "last_modified": "2026-08-01T16:34:20Z",
      "resolved": "github:NixOS/nixpkgs/a5cbcfe954791221bfffe2307f7d1a1bf61a871e#mkcert",
      "source": "devbox-search",
      "version": "1.4.4",
      "systems": {
        "aarch64-darwin": {
          "outputs": [
            {
              "name": "out",
              "path": "/nix/store/ankzqb1fbbpwq3snwm496syjqvps89iw-mkcert-1.4.4",
              "default": true
            }
          ],
          "store_path": "/nix/store/ankzqb1fbbpwq3snwm496syjqvps89iw-mkcert-1.4.4"
        },
        "aarch64-linux": {
          "outputs": [
            {
              "name": "out",
              "path": "/nix/store/8y9pizz8gba5fpafg943wdp7r752n9kh-mkcert-1.4.4",
              "default": true
            }
          ],
          "store_path": "/nix/store/8y9pizz8gba5fpafg943wdp7r752n9kh-mkcert-1.4.4"
        },
        "x86_64-darwin": {
          "outputs": [
            {
              "name": "out",
              "path": "/nix/store/slavppbap2pj7a3pbvrji4845ldx5fjh-mkcert-1.4.4",
              "default": true
            }
          ],
          "store_path": "/nix/store/slavppbap2pj7a3pbvrji4845ldx5fjh-mkcert-1.4.4"
        },
        "x86_64-linux": {
          "outputs": [
            {
              "name": "out",
              "path": "/nix/store/rnb14an2cc3l2smhrygw6ghwvvfal6n8-mkcert-1.4.4",
              "default": true
            }
          ],
          "store_path": "/nix/store/rnb14an2cc3l2smhrygw6ghwvvfal6n8-mkcert-1.4.4"
        }
      }
    },
    "protobuf@32.1": {
      "last_modified": "2026-01-23T17:20:52Z",
      "resolved": "github:NixOS/nixpkgs/a1bab9e494f5f4939442a57a58d0449a109593fe#protobuf",
      "source": "devbox-search",
      "version": "32.1",
      "systems": {
        "aarch64-darwin": {
          "outputs": [
            {
              "name": "out",
              "path": "/nix/store/krmyknvyfr9wi1ggwyrqqs0x3ssj91j9-protobuf-32.1",
              "default": true
            }
          ],
          "store_path": "/nix/store/krmyknvyfr9wi1ggwyrqqs0x3ssj91j9-protobuf-32.1"
        },
        "aarch64-linux": {
          "outputs": [
            {
              "name": "out",
              "path": "/nix/store/dwijmsqfisk5kj8kykw4cnfmz7086gv6-protobuf-32.1",
              "default": true
            },
            {
              "name": "debug",
              "path": "/nix/store/2yy796qdpm0sg68hs7l8lnq5g476b36z-protobuf-32.1-debug"
            }
          ],
          "store_path": "/nix/store/dwijmsqfisk5kj8kykw4cnfmz7086gv6-protobuf-32.1"
        },
        "x86_64-darwin": {
          "outputs": [
            {
              "name": "out",
              "path": "/nix/store/hks7kpdlgx8v4n75yfq3lla03myyfhf2-protobuf-32.1",
              "default": true
            }
          ],
          "store_path": "/nix/store/hks7kpdlgx8v4n75yfq3lla03myyfhf2-protobuf-32.1"
        },
        "x86_64-linux": {
          "outputs": [
            {
              "name": "out",
              "path": "/nix/store/kiqarh0s4z2kcd7p3sq049kcc85syww8-protobuf-32.1",
              "default": true
            },
            {
              "name": "debug",
              "path": "/nix/store/66yxx9v7hm7aq2fl3zqjjl6s42kwdknd-protobuf-32.1-debug"
            }
          ],
          "store_path": "/nix/store/kiqarh0s4z2kcd7p3sq049kcc85syww8-protobuf-32.1"
        }
      }
    },
    "protoc-gen-go@1.36.11": {
      "last_modified": "2026-08-01T16:34:20Z",
      "resolved": "github:NixOS/nixpkgs/a5cbcfe954791221bfffe2307f7d1a1bf61a871e#protoc-gen-go",
      "source": "devbox-search",
      "version": "1.36.11",
      "systems": {
        "aarch64-darwin": {
          "outputs": [
            {
              "name": "out",
              "path": "/nix/store/zlij3r4dg3039mj742y6q0819r8hc5fy-protoc-gen-go-1.36.11",
              "default": true
            }
          ],
          "store_path": "/nix/store/zlij3r4dg3039mj742y6q0819r8hc5fy-protoc-gen-go-1.36.11"
        },
        "aarch64-linux": {
          "outputs": [
            {
              "name": "out",
              "path": "/nix/store/2wwakfl4kdsyypn6wpyzawbxahh0i9kq-protoc-gen-go-1.36.11",
              "default": true
            }
          ],
          "store_path": "/nix/store/2wwakfl4kdsyypn6wpyzawbxahh0i9kq-protoc-gen-go-1.36.11"
        },
        "x86_64-darwin": {
          "outputs": [
            {
              "name": "out",
              "path": "/nix/store/04frw1kp0wdr110v8fri2p8hap1fjav5-protoc-gen-go-1.36.11",
              "default": true
            }
          ],
          "store_path": "/nix/store/04frw1kp0wdr110v8fri2p8hap1fjav5-protoc-gen-go-1.36.11"
        },
        "x86_64-linux": {
          "outputs": [
            {
              "name": "out",
              "path": "/nix/store/v69mnpl55w049mzl8qs6q8wlnr81fmv5-protoc-gen-go-1.36.11",
              "default": true
            }
          ],
          "store_path": "/nix/store/v69mnpl55w049mzl8qs6q8wlnr81fmv5-protoc-gen-go-1.36.11"
        }
      }
    },
    "taplo@0.10.0": {
      "last_modified": "2026-08-01T16:34:20Z",
      "resolved": "github:NixOS/nixpkgs/a5cbcfe954791221bfffe2307f7d1a1bf61a871e#taplo",
      "source": "devbox-search",
      "version": "0.10.0",
      "systems": {
        "aarch64-darwin": {
          "outputs": [
            {
              "name": "out",
              "path": "/nix/store/r3hc2fvxcfp4iy4f79k6ws51bwbgfdyp-taplo-0.10.0",
              "default": true
            }
          ],
          "store_path": "/nix/store/r3hc2fvxcfp4iy4f79k6ws51bwbgfdyp-taplo-0.10.0"
        },
        "aarch64-linux": {
          "outputs": [
            {
              "name": "out",
              "path": "/nix/store/pps34vc6gaffnv5h80lb9h0qjs70qxyy-taplo-0.10.0",
              "default": true
            }
          ],
          "store_path": "/nix/store/pps34vc6gaffnv5h80lb9h0qjs70qxyy-taplo-0.10.0"
        },
        "x86_64-darwin": {
          "outputs": [
            {
              "name": "out",
              "path": "/nix/store/v9acccjk7yxs9404lf5j0zafl007314q-taplo-0.10.0",
              "default": true
            }
          ],
          "store_path": "/nix/store/v9acccjk7yxs9404lf5j0zafl007314q-taplo-0.10.0"
        },
        "x86_64-linux": {
          "outputs": [
            {
              "name": "out",
              "path": "/nix/store/9cqs5nwk9iwz506bwcfd63s221jbfbdf-taplo-0.10.0",
              "default": true
            }
          ],
          "store_path": "/nix/store/9cqs5nwk9iwz506bwcfd63s221jbfbdf-taplo-0.10.0"
        }
      }
    },
    "toml-sort@0.24.4": {
      "last_modified": "2026-08-01T16:34:20Z",
      "resolved": "github:NixOS/nixpkgs/a5cbcfe954791221bfffe2307f7d1a1bf61a871e#toml-sort",
      "source": "devbox-search",
      "version": "0.24.4",
      "systems": {
        "aarch64-darwin": {
          "outputs": [
            {
              "name": "out",
              "path": "/nix/store/ysfgsypwl2snc3jflapp915f2xwrc24d-toml-sort-0.24.4",
              "default": true
            },
            {
              "name": "dist",
              "path": "/nix/store/a27mzkb8djx05ldvn1mh4gkbvhrlr49d-toml-sort-0.24.4-dist"
            }
          ],
          "store_path": "/nix/store/ysfgsypwl2snc3jflapp915f2xwrc24d-toml-sort-0.24.4"
        },
        "aarch64-linux": {
          "outputs": [
            {
              "name": "out",
              "path": "/nix/store/xyrch3p1cg85057bhbmwc5dym1cgl8kz-toml-sort-0.24.4",
              "default": true
            },
            {
              "name": "dist",
              "path": "/nix/store/ckydqrff1scjpwbcz3lbr1lkjmb9fyxw-toml-sort-0.24.4-dist"
            }
          ],
          "store_path": "/nix/store/xyrch3p1cg85057bhbmwc5dym1cgl8kz-toml-sort-0.24.4"
        },
        "x86_64-darwin": {
          "outputs": [
            {
              "name": "out",
              "path": "/nix/store/cw14aa34sihqg1d9n3qy6gshx88zh8qv-toml-sort-0.24.4",
              "default": true
            },
            {
              "name": "dist",
              "path": "/nix/store/039ja0k61mpjmq8ky9751dp7y6jimv9y-toml-sort-0.24.4-dist"
            }
          ],
          "store_path": "/nix/store/cw14aa34sihqg1d9n3qy6gshx88zh8qv-toml-sort-0.24.4"
        },
        "x86_64-linux": {
          "outputs": [
            {
              "name": "out",
              "path": "/nix/store/qbm6sbzr64ws73nmi4yvxnf9v1q8gfb6-toml-sort-0.24.4",
              "default": true
            },
            {
              "name": "dist",
              "path": "/nix/store/mh3mi398l6bcxizmdh5diqbxd2qd1m18-toml-sort-0.24.4-dist"
            }
          ],
          "store_path": "/nix/store/qbm6sbzr64ws73nmi4yvxnf9v1q8gfb6-toml-sort-0.24.4"
        }
      }
    },
    "treefmt@2.5.0": {
      "last_modified": "2026-08-01T16:34:20Z",
      "resolved": "github:NixOS/nixpkgs/a5cbcfe954791221bfffe2307f7d1a1bf61a871e#treefmt",
      "source": "devbox-search",
      "version": "2.5.0",
      "systems": {
        "aarch64-darwin": {
          "outputs": [
            {
              "name": "out",
              "path": "/nix/store/yd4x16zj5si0whxgldlvr1kqkbakb123-treefmt-2.5.0",
              "default": true
            }
          ],
          "store_path": "/nix/store/yd4x16zj5si0whxgldlvr1kqkbakb123-treefmt-2.5.0"
        },
        "aarch64-linux": {
          "outputs": [
            {
              "name": "out",
              "path": "/nix/store/a28wdsz1r8l82bk9v61lscs565j2xr4w-treefmt-2.5.0",
              "default": true
            }
          ],
          "store_path": "/nix/store/a28wdsz1r8l82bk9v61lscs565j2xr4w-treefmt-2.5.0"
        },
        "x86_64-darwin": {
          "outputs": [
            {
              "name": "out",
              "path": "/nix/store/isl9c5n2sc7mpynmz65zyljdk9kmgm95-treefmt-2.5.0",
              "default": true
            }
          ],
          "store_path": "/nix/store/isl9c5n2sc7mpynmz65zyljdk9kmgm95-treefmt-2.5.0"
        },
        "x86_64-linux": {
          "outputs": [
            {
              "name": "out",
              "path": "/nix/store/maxcrjrzy686sb8n32c31rjjcr4n05n0-treefmt-2.5.0",
              "default": true
            }
          ],
          "store_path": "/nix/store/maxcrjrzy686sb8n32c31rjjcr4n05n0-treefmt-2.5.0"
        }
      }
    },
    "yamlfmt@0.21.0": {
      "last_modified": "2026-08-01T16:34:20Z",
      "resolved": "github:NixOS/nixpkgs/a5cbcfe954791221bfffe2307f7d1a1bf61a871e#yamlfmt",
      "source": "devbox-search",
      "version": "0.21.0",
      "systems": {
        "aarch64-darwin": {
          "outputs": [
            {
              "name": "out",
              "path": "/nix/store/hacafhcbp3v40139kv3wlvnv2xlj98aa-yamlfmt-0.21.0",
              "default": true
            }
          ],
          "store_path": "/nix/store/hacafhcbp3v40139kv3wlvnv2xlj98aa-yamlfmt-0.21.0"
        },
        "aarch64-linux": {
          "outputs": [
            {
              "name": "out",
              "path": "/nix/store/9ji2fr1skx8xkwxvbpglsymwxp570833-yamlfmt-0.21.0",
              "default": true
            }
          ],
          "store_path": "/nix/store/9ji2fr1skx8xkwxvbpglsymwxp570833-yamlfmt-0.21.0"
        },
        "x86_64-darwin": {
          "outputs": [
            {
              "name": "out",
              "path": "/nix/store/w4r1x3kj0qr0cb5kqbfs0zywr0klf6b0-yamlfmt-0.21.0",
              "default": true
            }
          ],
          "store_path": "/nix/store/w4r1x3kj0qr0cb5kqbfs0zywr0klf6b0-yamlfmt-0.21.0"
        },
        "x86_64-linux": {
          "outputs": [
            {
              "name": "out",
              "path": "/nix/store/dp8yr5vm5hksclpwlmrmg6zq0fsx2wbv-yamlfmt-0.21.0",
              "default": true
            }
          ],
          "store_path": "/nix/store/dp8yr5vm5hksclpwlmrmg6zq0fsx2wbv-yamlfmt-0.21.0"
        }
      }
    }
  }
}
