{
  "lockfile_version": "1",
  "packages": {
    "biome@2.5.9": {
      "last_modified": "2026-08-29T00:50:12Z",
      "resolved": "github:NixOS/nixpkgs/e8be7818e19ada32105a8af937a6a473b38167ca#biome",
      "source": "devbox-search",
      "version": "2.5.9",
      "systems": {
        "aarch64-darwin": {
          "outputs": [
            {
              "name": "out",
              "path": "/nix/store/rm557s7rai2hd5ql9rxgxsa4v8kv7h8h-biome-2.5.9",
              "default": true
            }
          ],
          "store_path": "/nix/store/rm557s7rai2hd5ql9rxgxsa4v8kv7h8h-biome-2.5.9"
        },
        "aarch64-linux": {
          "outputs": [
            {
              "name": "out",
              "path": "/nix/store/sq6kxgni8ydfi50j2lr5gxdvrslnisml-biome-2.5.9",
              "default": true
            }
          ],
          "store_path": "/nix/store/sq6kxgni8ydfi50j2lr5gxdvrslnisml-biome-2.5.9"
        },
        "x86_64-linux": {
          "outputs": [
            {
              "name": "out",
              "path": "/nix/store/i187hqg1q9nk0n90wh0x7w7bmd4y9z2m-biome-2.5.9",
              "default": true
            }
          ],
          "store_path": "/nix/store/i187hqg1q9nk0n90wh0x7w7bmd4y9z2m-biome-2.5.9"
        }
      }
    },
    "buf@1.72.0": {
      "last_modified": "2026-09-25T18:38:24Z",
      "resolved": "github:NixOS/nixpkgs/79b6d20e55596f80baa35cda2a334da8a1fbf1ea#buf",
      "source": "devbox-search",
      "version": "1.72.0",
      "systems": {
        "aarch64-darwin": {
          "outputs": [
            {
              "name": "out",
              "path": "/nix/store/4hb0kxvyaxnz8agf26vv25j7f9kg9wjw-buf-1.72.0",
              "default": true
            }
          ],
          "store_path": "/nix/store/4hb0kxvyaxnz8agf26vv25j7f9kg9wjw-buf-1.72.0"
        },
        "aarch64-linux": {
          "outputs": [
            {
              "name": "out",
              "path": "/nix/store/rnj28cal3w4g3w1n05479rqyhdq54p2g-buf-1.72.0",
              "default": true
            }
          ],
          "store_path": "/nix/store/rnj28cal3w4g3w1n05479rqyhdq54p2g-buf-1.72.0"
        },
        "x86_64-linux": {
          "outputs": [
            {
              "name": "out",
              "path": "/nix/store/0d21d3022nnzpyy58qpdfqdh16f21yz4-buf-1.72.0",
              "default": true
            }
          ],
          "store_path": "/nix/store/0d21d3022nnzpyy58qpdfqdh16f21yz4-buf-1.72.0"
        }
      }
    },
    "formatjson5@0.2.6": {
      "last_modified": "2026-09-30T11:58:46Z",
      "resolved": "github:NixOS/nixpkgs/c9fe7d12cd78d1adcd12dd15e24432dde5b155a0#formatjson5",
      "source": "devbox-search",
      "version": "0.2.6",
      "systems": {
        "aarch64-darwin": {
          "outputs": [
            {
              "name": "out",
              "path": "/nix/store/5ih2j9xc1jz4gaz9zfpr87v0ryil6ab6-formatjson5-0.2.6",
              "default": true
            }
          ],
          "store_path": "/nix/store/5ih2j9xc1jz4gaz9zfpr87v0ryil6ab6-formatjson5-0.2.6"
        },
        "aarch64-linux": {
          "outputs": [
            {
              "name": "out",
              "path": "/nix/store/0g35fb8a2y1lz7hjrr38a4d8ac0ckk6d-formatjson5-0.2.6",
              "default": true
            }
          ],
          "store_path": "/nix/store/0g35fb8a2y1lz7hjrr38a4d8ac0ckk6d-formatjson5-0.2.6"
        },
        "x86_64-darwin": {
          "outputs": [
            {
              "name": "out",
              "path": "/nix/store/yz7pxr2yclnhsvlnzsd8vl9ina8sz1fx-formatjson5-0.2.6",
              "default": true
            }
          ],
          "store_path": "/nix/store/yz7pxr2yclnhsvlnzsd8vl9ina8sz1fx-formatjson5-0.2.6"
        },
        "x86_64-linux": {
          "outputs": [
            {
              "name": "out",
              "path": "/nix/store/6kzm8m9aab1wmsqxpym5b80nczr368bm-formatjson5-0.2.6",
              "default": true
            }
          ],
          "store_path": "/nix/store/6kzm8m9aab1wmsqxpym5b80nczr368bm-formatjson5-0.2.6"
        }
      }
    },
    "github:NixOS/nixpkgs/nixpkgs-unstable": {
      "last_modified": "2026-09-30T11:58:46Z",
      "resolved": "github:NixOS/nixpkgs/c9fe7d12cd78d1adcd12dd15e24432dde5b155a0?lastModified=1790769526&narHash=sha256-5AIVFLRcx8YAwbFTVPTs7YhwJH7JyHfAQsvXmpovcXI%3D"
    },
    "go@1.27.0": {
      "last_modified": "2026-09-04T02:50:00Z",
      "resolved": "github:NixOS/nixpkgs/e5ead30d0824debba629dcf0720abeddee57b7d6#go_1_27",
      "source": "devbox-search",
      "version": "1.27.0",
      "systems": {
        "aarch64-darwin": {
          "outputs": [
            {
              "name": "out",
              "path": "/nix/store/lz3qw52rpazqga73xgsqlj4qz1lgs4hg-go-1.27.0",
              "default": true
            }
          ],
          "store_path": "/nix/store/lz3qw52rpazqga73xgsqlj4qz1lgs4hg-go-1.27.0"
        },
        "aarch64-linux": {
          "outputs": [
            {
              "name": "out",
              "path": "/nix/store/zqjvg5805xkf6zsd8nrdvgbv58yw2phr-go-1.27.0",
              "default": true
            }
          ],
          "store_path": "/nix/store/zqjvg5805xkf6zsd8nrdvgbv58yw2phr-go-1.27.0"
        },
        "x86_64-linux": {
          "outputs": [
            {
              "name": "out",
              "path": "/nix/store/fibbp1k5gcpaxcin4dzk70yd056rfjhg-go-1.27.0",
              "default": true
            }
          ],
          "store_path": "/nix/store/fibbp1k5gcpaxcin4dzk70yd056rfjhg-go-1.27.0"
        }
      }
    },
    "golangci-lint@2.13.1": {
      "last_modified": "2026-08-29T00:50:12Z",
      "resolved": "github:NixOS/nixpkgs/e8be7818e19ada32105a8af937a6a473b38167ca#golangci-lint",
      "source": "devbox-search",
      "version": "2.13.1",
      "systems": {
        "aarch64-darwin": {
          "outputs": [
            {
              "name": "out",
              "path": "/nix/store/vyl94dsc8a2vfpx0h9hs3ls3w9hfcyfa-golangci-lint-2.13.1",
              "default": true
            }
          ],
          "store_path": "/nix/store/vyl94dsc8a2vfpx0h9hs3ls3w9hfcyfa-golangci-lint-2.13.1"
        },
        "aarch64-linux": {
          "outputs": [
            {
              "name": "out",
              "path": "/nix/store/zg1nnbiiaiq65v0h4b22hqlqpqa8ja0j-golangci-lint-2.13.1",
              "default": true
            }
          ],
          "store_path": "/nix/store/zg1nnbiiaiq65v0h4b22hqlqpqa8ja0j-golangci-lint-2.13.1"
        },
        "x86_64-linux": {
          "outputs": [
            {
              "name": "out",
              "path": "/nix/store/sqm80s7p5kx9j4ia19rw3jy41ajx1v73-golangci-lint-2.13.1",
              "default": true
            }
          ],
          "store_path": "/nix/store/sqm80s7p5kx9j4ia19rw3jy41ajx1v73-golangci-lint-2.13.1"
        }
      }
    },
    "mkcert@1.4.4": {
      "last_modified": "2026-09-30T11:58:46Z",
      "resolved": "github:NixOS/nixpkgs/c9fe7d12cd78d1adcd12dd15e24432dde5b155a0#mkcert",
      "source": "devbox-search",
      "version": "1.4.4",
      "systems": {
        "aarch64-darwin": {
          "outputs": [
            {
              "name": "out",
              "path": "/nix/store/1vxs068c4mlgsylx6pnz3im9amk1v5dp-mkcert-1.4.4",
              "default": true
            }
          ],
          "store_path": "/nix/store/1vxs068c4mlgsylx6pnz3im9amk1v5dp-mkcert-1.4.4"
        },
        "aarch64-linux": {
          "outputs": [
            {
              "name": "out",
              "path": "/nix/store/kxjlshzsbnw5lw3824rlasv6vhsvikfx-mkcert-1.4.4",
              "default": true
            }
          ],
          "store_path": "/nix/store/kxjlshzsbnw5lw3824rlasv6vhsvikfx-mkcert-1.4.4"
        },
        "x86_64-darwin": {
          "outputs": [
            {
              "name": "out",
              "path": "/nix/store/slavppbap2pj7a3pbvrji4845ldx5fjh-mkcert-1.4.4",
              "default": true
            }
          ],
          "store_path": "/nix/store/slavppbap2pj7a3pbvrji4845ldx5fjh-mkcert-1.4.4"
        },
        "x86_64-linux": {
          "outputs": [
            {
              "name": "out",
              "path": "/nix/store/3hpvvk426v2423v6k0nyck2pvc4fcjvn-mkcert-1.4.4",
              "default": true
            }
          ],
          "store_path": "/nix/store/3hpvvk426v2423v6k0nyck2pvc4fcjvn-mkcert-1.4.4"
        }
      }
    },
    "protobuf@32.1": {
      "last_modified": "2026-01-23T17:20:52Z",
      "resolved": "github:NixOS/nixpkgs/a1bab9e494f5f4939442a57a58d0449a109593fe#protobuf",
      "source": "devbox-search",
      "version": "32.1",
      "systems": {
        "aarch64-darwin": {
          "outputs": [
            {
              "name": "out",
              "path": "/nix/store/krmyknvyfr9wi1ggwyrqqs0x3ssj91j9-protobuf-32.1",
              "default": true
            }
          ],
          "store_path": "/nix/store/krmyknvyfr9wi1ggwyrqqs0x3ssj91j9-protobuf-32.1"
        },
        "aarch64-linux": {
          "outputs": [
            {
              "name": "out",
              "path": "/nix/store/dwijmsqfisk5kj8kykw4cnfmz7086gv6-protobuf-32.1",
              "default": true
            },
            {
              "name": "debug",
              "path": "/nix/store/2yy796qdpm0sg68hs7l8lnq5g476b36z-protobuf-32.1-debug"
            }
          ],
          "store_path": "/nix/store/dwijmsqfisk5kj8kykw4cnfmz7086gv6-protobuf-32.1"
        },
        "x86_64-darwin": {
          "outputs": [
            {
              "name": "out",
              "path": "/nix/store/hks7kpdlgx8v4n75yfq3lla03myyfhf2-protobuf-32.1",
              "default": true
            }
          ],
          "store_path": "/nix/store/hks7kpdlgx8v4n75yfq3lla03myyfhf2-protobuf-32.1"
        },
        "x86_64-linux": {
          "outputs": [
            {
              "name": "out",
              "path": "/nix/store/kiqarh0s4z2kcd7p3sq049kcc85syww8-protobuf-32.1",
              "default": true
            },
            {
              "name": "debug",
              "path": "/nix/store/66yxx9v7hm7aq2fl3zqjjl6s42kwdknd-protobuf-32.1-debug"
            }
          ],
          "store_path": "/nix/store/kiqarh0s4z2kcd7p3sq049kcc85syww8-protobuf-32.1"
        }
      }
    },
    "protoc-gen-go@1.36.12": {
      "last_modified": "2026-09-30T11:58:46Z",
      "resolved": "github:NixOS/nixpkgs/c9fe7d12cd78d1adcd12dd15e24432dde5b155a0#protoc-gen-go",
      "source": "devbox-search",
      "version": "1.36.12",
      "systems": {
        "aarch64-darwin": {
          "outputs": [
            {
              "name": "out",
              "path": "/nix/store/pfcqb99ryyygq1d9n0swknss7i4qqk59-protoc-gen-go-1.36.12",
              "default": true
            }
          ],
          "store_path": "/nix/store/pfcqb99ryyygq1d9n0swknss7i4qqk59-protoc-gen-go-1.36.12"
        },
        "aarch64-linux": {
          "outputs": [
            {
              "name": "out",
              "path": "/nix/store/vc0w4gkyllgdzz3kfcgslqswf7p5pj6r-protoc-gen-go-1.36.12",
              "default": true
            }
          ],
          "store_path": "/nix/store/vc0w4gkyllgdzz3kfcgslqswf7p5pj6r-protoc-gen-go-1.36.12"
        },
        "x86_64-linux": {
          "outputs": [
            {
              "name": "out",
              "path": "/nix/store/ynildqwainvx2a11pf7yyqf2cknzhk52-protoc-gen-go-1.36.12",
              "default": true
            }
          ],
          "store_path": "/nix/store/ynildqwainvx2a11pf7yyqf2cknzhk52-protoc-gen-go-1.36.12"
        }
      }
    },
    "taplo@0.10.0": {
      "last_modified": "2026-09-30T11:58:46Z",
      "resolved": "github:NixOS/nixpkgs/c9fe7d12cd78d1adcd12dd15e24432dde5b155a0#taplo",
      "source": "devbox-search",
      "version": "0.10.0",
      "systems": {
        "aarch64-darwin": {
          "outputs": [
            {
              "name": "out",
              "path": "/nix/store/zgnj4a55m3xk6pbqdlc1zl0zyfghgx81-taplo-0.10.0",
              "default": true
            }
          ],
          "store_path": "/nix/store/zgnj4a55m3xk6pbqdlc1zl0zyfghgx81-taplo-0.10.0"
        },
        "aarch64-linux": {
          "outputs": [
            {
              "name": "out",
              "path": "/nix/store/a3fqhrjxh5g9xrjjbnl6ncmmwhh5b6ym-taplo-0.10.0",
              "default": true
            }
          ],
          "store_path": "/nix/store/a3fqhrjxh5g9xrjjbnl6ncmmwhh5b6ym-taplo-0.10.0"
        },
        "x86_64-darwin": {
          "outputs": [
            {
              "name": "out",
              "path": "/nix/store/v9acccjk7yxs9404lf5j0zafl007314q-taplo-0.10.0",
              "default": true
            }
          ],
          "store_path": "/nix/store/v9acccjk7yxs9404lf5j0zafl007314q-taplo-0.10.0"
        },
        "x86_64-linux": {
          "outputs": [
            {
              "name": "out",
              "path": "/nix/store/0ki4vfvv3xjdk19zhxa65p81bgg8kxsw-taplo-0.10.0",
              "default": true
            }
          ],
          "store_path": "/nix/store/0ki4vfvv3xjdk19zhxa65p81bgg8kxsw-taplo-0.10.0"
        }
      }
    },
    "toml-sort@0.24.4": {
      "last_modified": "2026-09-30T11:58:46Z",
      "resolved": "github:NixOS/nixpkgs/c9fe7d12cd78d1adcd12dd15e24432dde5b155a0#toml-sort",
      "source": "devbox-search",
      "version": "0.24.4",
      "systems": {
        "aarch64-darwin": {
          "outputs": [
            {
              "name": "out",
              "path": "/nix/store/s8j7z5qyy2bkgqhayp8npxfsq56lz1g3-toml-sort-0.24.4",
              "default": true
            },
            {
              "name": "dist",
              "path": "/nix/store/jrbpmbxj1hz2v5mw44jvjrwjswp2d5m9-toml-sort-0.24.4-dist"
            }
          ],
          "store_path": "/nix/store/s8j7z5qyy2bkgqhayp8npxfsq56lz1g3-toml-sort-0.24.4"
        },
        "aarch64-linux": {
          "outputs": [
            {
              "name": "out",
              "path": "/nix/store/h1jxjn4n2b3zbi9kqrfj5qvp4776dygz-toml-sort-0.24.4",
              "default": true
            },
            {
              "name": "dist",
              "path": "/nix/store/0hxi67qagh9vq90ji1zyqbndy83ss5gh-toml-sort-0.24.4-dist"
            }
          ],
          "store_path": "/nix/store/h1jxjn4n2b3zbi9kqrfj5qvp4776dygz-toml-sort-0.24.4"
        },
        "x86_64-darwin": {
          "outputs": [
            {
              "name": "out",
              "path": "/nix/store/cw14aa34sihqg1d9n3qy6gshx88zh8qv-toml-sort-0.24.4",
              "default": true
            },
            {
              "name": "dist",
              "path": "/nix/store/039ja0k61mpjmq8ky9751dp7y6jimv9y-toml-sort-0.24.4-dist"
            }
          ],
          "store_path": "/nix/store/cw14aa34sihqg1d9n3qy6gshx88zh8qv-toml-sort-0.24.4"
        },
        "x86_64-linux": {
          "outputs": [
            {
              "name": "out",
              "path": "/nix/store/s6iwm6y885bibhgj7qz8f6y8fg9hl8rz-toml-sort-0.24.4",
              "default": true
            },
            {
              "name": "dist",
              "path": "/nix/store/b1q1rdhj9k319kx6qsr54q9d22rnbi67-toml-sort-0.24.4-dist"
            }
          ],
          "store_path": "/nix/store/s6iwm6y885bibhgj7qz8f6y8fg9hl8rz-toml-sort-0.24.4"
        }
      }
    },
    "treefmt@2.5.0": {
      "last_modified": "2026-08-29T00:50:12Z",
      "resolved": "github:NixOS/nixpkgs/e8be7818e19ada32105a8af937a6a473b38167ca#treefmt",
      "source": "devbox-search",
      "version": "2.5.0",
      "systems": {
        "aarch64-darwin": {
          "outputs": [
            {
              "name": "out",
              "path": "/nix/store/wd0ripd4xdl54gcqr234z5j7mrqpxdj3-treefmt-2.5.0",
              "default": true
            }
          ],
          "store_path": "/nix/store/wd0ripd4xdl54gcqr234z5j7mrqpxdj3-treefmt-2.5.0"
        },
        "aarch64-linux": {
          "outputs": [
            {
              "name": "out",
              "path": "/nix/store/w0j3b5pmk1dy80qwr8swin4if9aga8z1-treefmt-2.5.0",
              "default": true
            }
          ],
          "store_path": "/nix/store/w0j3b5pmk1dy80qwr8swin4if9aga8z1-treefmt-2.5.0"
        },
        "x86_64-darwin": {
          "outputs": [
            {
              "name": "out",
              "path": "/nix/store/isl9c5n2sc7mpynmz65zyljdk9kmgm95-treefmt-2.5.0",
              "default": true
            }
          ],
          "store_path": "/nix/store/isl9c5n2sc7mpynmz65zyljdk9kmgm95-treefmt-2.5.0"
        },
        "x86_64-linux": {
          "outputs": [
            {
              "name": "out",
              "path": "/nix/store/6zh34v06bwizav5i9w25431nmqrwgfnp-treefmt-2.5.0",
              "default": true
            }
          ],
          "store_path": "/nix/store/6zh34v06bwizav5i9w25431nmqrwgfnp-treefmt-2.5.0"
        }
      }
    },
    "yamlfmt@0.21.0": {
      "last_modified": "2026-09-30T11:58:46Z",
      "resolved": "github:NixOS/nixpkgs/c9fe7d12cd78d1adcd12dd15e24432dde5b155a0#yamlfmt",
      "source": "devbox-search",
      "version": "0.21.0",
      "systems": {
        "aarch64-darwin": {
          "outputs": [
            {
              "name": "out",
              "path": "/nix/store/l2g5kll3kp91cbl6rg41jscf6hfxfia0-yamlfmt-0.21.0",
              "default": true
            }
          ],
          "store_path": "/nix/store/l2g5kll3kp91cbl6rg41jscf6hfxfia0-yamlfmt-0.21.0"
        },
        "aarch64-linux": {
          "outputs": [
            {
              "name": "out",
              "path": "/nix/store/bzj2i1avap97jbqlz83lp5ik637gqjbx-yamlfmt-0.21.0",
              "default": true
            }
          ],
          "store_path": "/nix/store/bzj2i1avap97jbqlz83lp5ik637gqjbx-yamlfmt-0.21.0"
        },
        "x86_64-darwin": {
          "outputs": [
            {
              "name": "out",
              "path": "/nix/store/w4r1x3kj0qr0cb5kqbfs0zywr0klf6b0-yamlfmt-0.21.0",
              "default": true
            }
          ],
          "store_path": "/nix/store/w4r1x3kj0qr0cb5kqbfs0zywr0klf6b0-yamlfmt-0.21.0"
        },
        "x86_64-linux": {
          "outputs": [
            {
              "name": "out",
              "path": "/nix/store/4ql94ldj21s0bc6c1bkv46ab1z205386-yamlfmt-0.21.0",
              "default": true
            }
          ],
          "store_path": "/nix/store/4ql94ldj21s0bc6c1bkv46ab1z205386-yamlfmt-0.21.0"
        }
      }
    }
  }
}
