{
  "lockfile_version": "1",
  "packages": {
    "biome@2.4.14": {
      "last_modified": "2026-05-12T01:56:55Z",
      "resolved": "github:NixOS/nixpkgs/0a0bf409f3593f415d0a554f33acc63dc7dccb43#biome",
      "source": "devbox-search",
      "version": "2.4.14",
      "systems": {
        "aarch64-darwin": {
          "outputs": [
            {
              "name": "out",
              "path": "/nix/store/wmpkk6l3c6wm97kyrvd3wmnfcwvqcznl-biome-2.4.14",
              "default": true
            }
          ],
          "store_path": "/nix/store/wmpkk6l3c6wm97kyrvd3wmnfcwvqcznl-biome-2.4.14"
        },
        "aarch64-linux": {
          "outputs": [
            {
              "name": "out",
              "path": "/nix/store/qxs97c4wwmy2gfsw7pxizz0rih1sm697-biome-2.4.14",
              "default": true
            }
          ],
          "store_path": "/nix/store/qxs97c4wwmy2gfsw7pxizz0rih1sm697-biome-2.4.14"
        },
        "x86_64-darwin": {
          "outputs": [
            {
              "name": "out",
              "path": "/nix/store/xh4f84w6azq9bzi5nnxnjl0jy99ymd6l-biome-2.4.14",
              "default": true
            }
          ],
          "store_path": "/nix/store/xh4f84w6azq9bzi5nnxnjl0jy99ymd6l-biome-2.4.14"
        },
        "x86_64-linux": {
          "outputs": [
            {
              "name": "out",
              "path": "/nix/store/v1sxvzjsqsdw96nic6h8q7ig010cmjlf-biome-2.4.14",
              "default": true
            }
          ],
          "store_path": "/nix/store/v1sxvzjsqsdw96nic6h8q7ig010cmjlf-biome-2.4.14"
        }
      }
    },
    "buf@1.69.0": {
      "last_modified": "2026-05-08T21:03:27Z",
      "resolved": "github:NixOS/nixpkgs/b3da656039dc7a6240f27b2ef8cc6a3ef3bccae7#buf",
      "source": "devbox-search",
      "version": "1.69.0",
      "systems": {
        "aarch64-darwin": {
          "outputs": [
            {
              "name": "out",
              "path": "/nix/store/p1n9qyi05f5fblgb24g58l6v9pq2s82l-buf-1.69.0",
              "default": true
            }
          ],
          "store_path": "/nix/store/p1n9qyi05f5fblgb24g58l6v9pq2s82l-buf-1.69.0"
        },
        "aarch64-linux": {
          "outputs": [
            {
              "name": "out",
              "path": "/nix/store/63kyp2b0qr5b2y1bbp4xfj1vbc6z3546-buf-1.69.0",
              "default": true
            }
          ],
          "store_path": "/nix/store/63kyp2b0qr5b2y1bbp4xfj1vbc6z3546-buf-1.69.0"
        },
        "x86_64-darwin": {
          "outputs": [
            {
              "name": "out",
              "path": "/nix/store/7ypxqgmdacy8wil4mb2vz7kpijfygziv-buf-1.69.0",
              "default": true
            }
          ],
          "store_path": "/nix/store/7ypxqgmdacy8wil4mb2vz7kpijfygziv-buf-1.69.0"
        },
        "x86_64-linux": {
          "outputs": [
            {
              "name": "out",
              "path": "/nix/store/xwmw0xf0qrmfm39cp6zapn7dp33z8wrr-buf-1.69.0",
              "default": true
            }
          ],
          "store_path": "/nix/store/xwmw0xf0qrmfm39cp6zapn7dp33z8wrr-buf-1.69.0"
        }
      }
    },
    "formatjson5@0.2.6": {
      "last_modified": "2026-04-23T13:07:47Z",
      "resolved": "github:NixOS/nixpkgs/01fbdeef22b76df85ea168fbfe1bfd9e63681b30#formatjson5",
      "source": "devbox-search",
      "version": "0.2.6",
      "systems": {
        "aarch64-darwin": {
          "outputs": [
            {
              "name": "out",
              "path": "/nix/store/919sqz4nf3ng6xkkngp6z5wga8d7s5lj-formatjson5-0.2.6",
              "default": true
            }
          ],
          "store_path": "/nix/store/919sqz4nf3ng6xkkngp6z5wga8d7s5lj-formatjson5-0.2.6"
        },
        "aarch64-linux": {
          "outputs": [
            {
              "name": "out",
              "path": "/nix/store/smnvicnbi9vva7zwg2zcbbi65fxg40w2-formatjson5-0.2.6",
              "default": true
            }
          ],
          "store_path": "/nix/store/smnvicnbi9vva7zwg2zcbbi65fxg40w2-formatjson5-0.2.6"
        },
        "x86_64-darwin": {
          "outputs": [
            {
              "name": "out",
              "path": "/nix/store/125m3nvzz05c533dcpfv9k0zxkbc1hx0-formatjson5-0.2.6",
              "default": true
            }
          ],
          "store_path": "/nix/store/125m3nvzz05c533dcpfv9k0zxkbc1hx0-formatjson5-0.2.6"
        },
        "x86_64-linux": {
          "outputs": [
            {
              "name": "out",
              "path": "/nix/store/n12ibh422045i632a6hi93m1rdvmawa6-formatjson5-0.2.6",
              "default": true
            }
          ],
          "store_path": "/nix/store/n12ibh422045i632a6hi93m1rdvmawa6-formatjson5-0.2.6"
        }
      }
    },
    "github:NixOS/nixpkgs/nixpkgs-unstable": {
      "last_modified": "2026-05-15T18:21:44Z",
      "resolved": "github:NixOS/nixpkgs/d233902339c02a9c334e7e593de68855ad26c4cb?lastModified=1778869304&narHash=sha256-30sZNZoA1cqF5JNO9fVX%2BwgiQYjB7HJqqJ4ztCDeBZE%3D"
    },
    "go@1.26.2": {
      "last_modified": "2026-04-23T13:07:47Z",
      "resolved": "github:NixOS/nixpkgs/01fbdeef22b76df85ea168fbfe1bfd9e63681b30#go",
      "source": "devbox-search",
      "version": "1.26.2",
      "systems": {
        "aarch64-darwin": {
          "outputs": [
            {
              "name": "out",
              "path": "/nix/store/fkzywh7rg8lg1n2p0r161iqjwhz540wx-go-1.26.2",
              "default": true
            }
          ],
          "store_path": "/nix/store/fkzywh7rg8lg1n2p0r161iqjwhz540wx-go-1.26.2"
        },
        "aarch64-linux": {
          "outputs": [
            {
              "name": "out",
              "path": "/nix/store/w4i7p78y3735jcy69sk4lcy9zyxr0cav-go-1.26.2",
              "default": true
            }
          ],
          "store_path": "/nix/store/w4i7p78y3735jcy69sk4lcy9zyxr0cav-go-1.26.2"
        },
        "x86_64-darwin": {
          "outputs": [
            {
              "name": "out",
              "path": "/nix/store/g0b45l45nlb1kqiywzja7fh49yn7lla5-go-1.26.2",
              "default": true
            }
          ],
          "store_path": "/nix/store/g0b45l45nlb1kqiywzja7fh49yn7lla5-go-1.26.2"
        },
        "x86_64-linux": {
          "outputs": [
            {
              "name": "out",
              "path": "/nix/store/dimnagks1qsp7180yw74z0npp7z2ihs3-go-1.26.2",
              "default": true
            }
          ],
          "store_path": "/nix/store/dimnagks1qsp7180yw74z0npp7z2ihs3-go-1.26.2"
        }
      }
    },
    "golangci-lint@2.12.2": {
      "last_modified": "2026-05-07T03:23:16Z",
      "resolved": "github:NixOS/nixpkgs/68a8af93ff4297686cb68880845e61e5e2e41d92#golangci-lint",
      "source": "devbox-search",
      "version": "2.12.2",
      "systems": {
        "aarch64-darwin": {
          "outputs": [
            {
              "name": "out",
              "path": "/nix/store/nzhf361nlv2smh50jv1inlryzlak4fya-golangci-lint-2.12.2",
              "default": true
            }
          ],
          "store_path": "/nix/store/nzhf361nlv2smh50jv1inlryzlak4fya-golangci-lint-2.12.2"
        },
        "aarch64-linux": {
          "outputs": [
            {
              "name": "out",
              "path": "/nix/store/4ia7mxwwk6h1dndh5lpd31vvqblc2zf8-golangci-lint-2.12.2",
              "default": true
            }
          ],
          "store_path": "/nix/store/4ia7mxwwk6h1dndh5lpd31vvqblc2zf8-golangci-lint-2.12.2"
        },
        "x86_64-darwin": {
          "outputs": [
            {
              "name": "out",
              "path": "/nix/store/90ygwc3q2z11g582s87938kk36ird6ly-golangci-lint-2.12.2",
              "default": true
            }
          ],
          "store_path": "/nix/store/90ygwc3q2z11g582s87938kk36ird6ly-golangci-lint-2.12.2"
        },
        "x86_64-linux": {
          "outputs": [
            {
              "name": "out",
              "path": "/nix/store/7n9yf0ca2z9qgywb70145imqdkcnp0r6-golangci-lint-2.12.2",
              "default": true
            }
          ],
          "store_path": "/nix/store/7n9yf0ca2z9qgywb70145imqdkcnp0r6-golangci-lint-2.12.2"
        }
      }
    },
    "protobuf@32.1": {
      "last_modified": "2026-01-23T17:20:52Z",
      "resolved": "github:NixOS/nixpkgs/a1bab9e494f5f4939442a57a58d0449a109593fe#protobuf",
      "source": "devbox-search",
      "version": "32.1",
      "systems": {
        "aarch64-darwin": {
          "outputs": [
            {
              "name": "out",
              "path": "/nix/store/krmyknvyfr9wi1ggwyrqqs0x3ssj91j9-protobuf-32.1",
              "default": true
            }
          ],
          "store_path": "/nix/store/krmyknvyfr9wi1ggwyrqqs0x3ssj91j9-protobuf-32.1"
        },
        "aarch64-linux": {
          "outputs": [
            {
              "name": "out",
              "path": "/nix/store/dwijmsqfisk5kj8kykw4cnfmz7086gv6-protobuf-32.1",
              "default": true
            },
            {
              "name": "debug",
              "path": "/nix/store/2yy796qdpm0sg68hs7l8lnq5g476b36z-protobuf-32.1-debug"
            }
          ],
          "store_path": "/nix/store/dwijmsqfisk5kj8kykw4cnfmz7086gv6-protobuf-32.1"
        },
        "x86_64-darwin": {
          "outputs": [
            {
              "name": "out",
              "path": "/nix/store/hks7kpdlgx8v4n75yfq3lla03myyfhf2-protobuf-32.1",
              "default": true
            }
          ],
          "store_path": "/nix/store/hks7kpdlgx8v4n75yfq3lla03myyfhf2-protobuf-32.1"
        },
        "x86_64-linux": {
          "outputs": [
            {
              "name": "out",
              "path": "/nix/store/kiqarh0s4z2kcd7p3sq049kcc85syww8-protobuf-32.1",
              "default": true
            },
            {
              "name": "debug",
              "path": "/nix/store/66yxx9v7hm7aq2fl3zqjjl6s42kwdknd-protobuf-32.1-debug"
            }
          ],
          "store_path": "/nix/store/kiqarh0s4z2kcd7p3sq049kcc85syww8-protobuf-32.1"
        }
      }
    },
    "protoc-gen-go@1.36.11": {
      "last_modified": "2026-04-23T13:07:47Z",
      "resolved": "github:NixOS/nixpkgs/01fbdeef22b76df85ea168fbfe1bfd9e63681b30#protoc-gen-go",
      "source": "devbox-search",
      "version": "1.36.11",
      "systems": {
        "aarch64-darwin": {
          "outputs": [
            {
              "name": "out",
              "path": "/nix/store/bf7msaxnwmxj0zz8l5fr1ip3hp00a0fh-protoc-gen-go-1.36.11",
              "default": true
            }
          ],
          "store_path": "/nix/store/bf7msaxnwmxj0zz8l5fr1ip3hp00a0fh-protoc-gen-go-1.36.11"
        },
        "aarch64-linux": {
          "outputs": [
            {
              "name": "out",
              "path": "/nix/store/z68ab7w47859hp75dcl4637b8ardlq81-protoc-gen-go-1.36.11",
              "default": true
            }
          ],
          "store_path": "/nix/store/z68ab7w47859hp75dcl4637b8ardlq81-protoc-gen-go-1.36.11"
        },
        "x86_64-darwin": {
          "outputs": [
            {
              "name": "out",
              "path": "/nix/store/fcz2b8xd4z5zq5sz26pvjfway3xk5hyl-protoc-gen-go-1.36.11",
              "default": true
            }
          ],
          "store_path": "/nix/store/fcz2b8xd4z5zq5sz26pvjfway3xk5hyl-protoc-gen-go-1.36.11"
        },
        "x86_64-linux": {
          "outputs": [
            {
              "name": "out",
              "path": "/nix/store/0d3iq287g8iqkdj0fj7v0skw8phm69qk-protoc-gen-go-1.36.11",
              "default": true
            }
          ],
          "store_path": "/nix/store/0d3iq287g8iqkdj0fj7v0skw8phm69qk-protoc-gen-go-1.36.11"
        }
      }
    },
    "taplo@0.10.0": {
      "last_modified": "2026-04-23T13:07:47Z",
      "resolved": "github:NixOS/nixpkgs/01fbdeef22b76df85ea168fbfe1bfd9e63681b30#taplo",
      "source": "devbox-search",
      "version": "0.10.0",
      "systems": {
        "aarch64-darwin": {
          "outputs": [
            {
              "name": "out",
              "path": "/nix/store/vz82zh4mjryyvwbkfx4i8ddl3wfjbkr5-taplo-0.10.0",
              "default": true
            }
          ],
          "store_path": "/nix/store/vz82zh4mjryyvwbkfx4i8ddl3wfjbkr5-taplo-0.10.0"
        },
        "aarch64-linux": {
          "outputs": [
            {
              "name": "out",
              "path": "/nix/store/rikm5h2s16db67ylb1a1q3wihzvl9853-taplo-0.10.0",
              "default": true
            }
          ],
          "store_path": "/nix/store/rikm5h2s16db67ylb1a1q3wihzvl9853-taplo-0.10.0"
        },
        "x86_64-darwin": {
          "outputs": [
            {
              "name": "out",
              "path": "/nix/store/r3ccbxbf86pjzv8nf46s9s0kcgl08912-taplo-0.10.0",
              "default": true
            }
          ],
          "store_path": "/nix/store/r3ccbxbf86pjzv8nf46s9s0kcgl08912-taplo-0.10.0"
        },
        "x86_64-linux": {
          "outputs": [
            {
              "name": "out",
              "path": "/nix/store/apnl40iw6nrfrxs616qwpl7b0fs7fl5k-taplo-0.10.0",
              "default": true
            }
          ],
          "store_path": "/nix/store/apnl40iw6nrfrxs616qwpl7b0fs7fl5k-taplo-0.10.0"
        }
      }
    },
    "toml-sort@0.24.3": {
      "last_modified": "2026-03-21T07:29:51Z",
      "resolved": "github:NixOS/nixpkgs/09061f748ee21f68a089cd5d91ec1859cd93d0be#toml-sort",
      "source": "devbox-search",
      "version": "0.24.3",
      "systems": {
        "aarch64-darwin": {
          "outputs": [
            {
              "name": "out",
              "path": "/nix/store/jcbb8krr8bnp4lfwwvqvhj8a5in3hpjf-toml-sort-0.24.3",
              "default": true
            },
            {
              "name": "dist",
              "path": "/nix/store/qs2c2gx897pid4r9k5d0ibf2zki7zq8k-toml-sort-0.24.3-dist"
            }
          ],
          "store_path": "/nix/store/jcbb8krr8bnp4lfwwvqvhj8a5in3hpjf-toml-sort-0.24.3"
        },
        "aarch64-linux": {
          "outputs": [
            {
              "name": "out",
              "path": "/nix/store/fb1g4iiq5xr5055g4qi34kyd5ma4pcyd-toml-sort-0.24.3",
              "default": true
            },
            {
              "name": "dist",
              "path": "/nix/store/pi6rc85xw2anam82w8mvs989iwc3h7gy-toml-sort-0.24.3-dist"
            }
          ],
          "store_path": "/nix/store/fb1g4iiq5xr5055g4qi34kyd5ma4pcyd-toml-sort-0.24.3"
        },
        "x86_64-darwin": {
          "outputs": [
            {
              "name": "out",
              "path": "/nix/store/f9qfaw73n3pf7mjji6z6x4lqg2g94jx3-toml-sort-0.24.3",
              "default": true
            },
            {
              "name": "dist",
              "path": "/nix/store/x356b48qlh2pshimcw0plx0hfkrky14g-toml-sort-0.24.3-dist"
            }
          ],
          "store_path": "/nix/store/f9qfaw73n3pf7mjji6z6x4lqg2g94jx3-toml-sort-0.24.3"
        },
        "x86_64-linux": {
          "outputs": [
            {
              "name": "out",
              "path": "/nix/store/jx58cplh7hdmg1b0jp0zmjbk2bs0z51a-toml-sort-0.24.3",
              "default": true
            },
            {
              "name": "dist",
              "path": "/nix/store/gf6063v5rzgz3c9916iqmdzcla6sazph-toml-sort-0.24.3-dist"
            }
          ],
          "store_path": "/nix/store/jx58cplh7hdmg1b0jp0zmjbk2bs0z51a-toml-sort-0.24.3"
        }
      }
    },
    "treefmt@2.5.0": {
      "last_modified": "2026-04-23T13:07:47Z",
      "resolved": "github:NixOS/nixpkgs/01fbdeef22b76df85ea168fbfe1bfd9e63681b30#treefmt",
      "source": "devbox-search",
      "version": "2.5.0",
      "systems": {
        "aarch64-darwin": {
          "outputs": [
            {
              "name": "out",
              "path": "/nix/store/3ry4krb98pmc8gmx3vh87gh75m54hr3v-treefmt-2.5.0",
              "default": true
            }
          ],
          "store_path": "/nix/store/3ry4krb98pmc8gmx3vh87gh75m54hr3v-treefmt-2.5.0"
        },
        "aarch64-linux": {
          "outputs": [
            {
              "name": "out",
              "path": "/nix/store/4q21cn2z2qpzzv1qjfamjsl1af9is48m-treefmt-2.5.0",
              "default": true
            }
          ],
          "store_path": "/nix/store/4q21cn2z2qpzzv1qjfamjsl1af9is48m-treefmt-2.5.0"
        },
        "x86_64-darwin": {
          "outputs": [
            {
              "name": "out",
              "path": "/nix/store/0n8hacc8xi2625snphnyn4w4qq7cjyza-treefmt-2.5.0",
              "default": true
            }
          ],
          "store_path": "/nix/store/0n8hacc8xi2625snphnyn4w4qq7cjyza-treefmt-2.5.0"
        },
        "x86_64-linux": {
          "outputs": [
            {
              "name": "out",
              "path": "/nix/store/4cp0hc2pggxcqnblq19yagap14ywpi30-treefmt-2.5.0",
              "default": true
            }
          ],
          "store_path": "/nix/store/4cp0hc2pggxcqnblq19yagap14ywpi30-treefmt-2.5.0"
        }
      }
    },
    "yamlfmt@0.21.0": {
      "last_modified": "2026-04-23T13:07:47Z",
      "resolved": "github:NixOS/nixpkgs/01fbdeef22b76df85ea168fbfe1bfd9e63681b30#yamlfmt",
      "source": "devbox-search",
      "version": "0.21.0",
      "systems": {
        "aarch64-darwin": {
          "outputs": [
            {
              "name": "out",
              "path": "/nix/store/hzda9zv2cn0jmb6kxl3ias99zpiqsf8h-yamlfmt-0.21.0",
              "default": true
            }
          ],
          "store_path": "/nix/store/hzda9zv2cn0jmb6kxl3ias99zpiqsf8h-yamlfmt-0.21.0"
        },
        "aarch64-linux": {
          "outputs": [
            {
              "name": "out",
              "path": "/nix/store/cn0a68gw9cj4y5pbww7az5kppamlnhpp-yamlfmt-0.21.0",
              "default": true
            }
          ],
          "store_path": "/nix/store/cn0a68gw9cj4y5pbww7az5kppamlnhpp-yamlfmt-0.21.0"
        },
        "x86_64-darwin": {
          "outputs": [
            {
              "name": "out",
              "path": "/nix/store/8jqds7wfd8b9gxx9jgg2axf23adhwj3k-yamlfmt-0.21.0",
              "default": true
            }
          ],
          "store_path": "/nix/store/8jqds7wfd8b9gxx9jgg2axf23adhwj3k-yamlfmt-0.21.0"
        },
        "x86_64-linux": {
          "outputs": [
            {
              "name": "out",
              "path": "/nix/store/miqn9h2m15zwmwi61gbp302gqkf7ybh7-yamlfmt-0.21.0",
              "default": true
            }
          ],
          "store_path": "/nix/store/miqn9h2m15zwmwi61gbp302gqkf7ybh7-yamlfmt-0.21.0"
        }
      }
    }
  }
}
